
Microsoft Visual Studio Solution File, Format Version 12.00
# Visual Studio 2012
Project("{FAE04EC0-301F-11D3-BF4B-00C04F79EFBC}") = "BattleshipApi", "BattleshipApi\BattleshipApi.csproj", "{A1EF6A29-6E6C-4B91-B178-B44834FB8DD4}"
EndProject
Global
	GlobalSection(SolutionConfigurationPlatforms) = preSolution
		Debug|Any CPU = Debug|Any CPU
		Release|Any CPU = Release|Any CPU
	EndGlobalSection
	GlobalSection(ProjectConfigurationPlatforms) = postSolution
		{A1EF6A29-6E6C-4B91-B178-B44834FB8DD4}.Debug|Any CPU.ActiveCfg = Debug|Any CPU
		{A1EF6A29-6E6C-4B91-B178-B44834FB8DD4}.Debug|Any CPU.Build.0 = Debug|Any CPU
		{A1EF6A29-6E6C-4B91-B178-B44834FB8DD4}.Release|Any CPU.ActiveCfg = Release|Any CPU
		{A1EF6A29-6E6C-4B91-B178-B44834FB8DD4}.Release|Any CPU.Build.0 = Release|Any CPU
	EndGlobalSection
	GlobalSection(SolutionProperties) = preSolution
		HideSolutionNode = FALSE
	EndGlobalSection
EndGlobal
